
Microsoft Visual Studio Solution File, Format Version 12.00
# Visual Studio Version 17
VisualStudioVersion = 17.14.36310.24 d17.14
MinimumVisualStudioVersion = 10.0.40219.1
Project("{FAE04EC0-301F-11D3-BF4B-00C04F79EFBC}") = "YARP", "YARP.csproj", "{CFA3D6C4-7B09-49D8-9457-1CE8CD2554DF}"
EndProject
Global
	GlobalSection(SolutionConfigurationPlatforms) = preSolution
		Debug|Any CPU = Debug|Any CPU
		Release|Any CPU = Release|Any CPU
	EndGlobalSection
	GlobalSection(ProjectConfigurationPlatforms) = postSolution
		{CFA3D6C4-7B09-49D8-9457-1CE8CD2554DF}.Debug|Any CPU.ActiveCfg = Debug|Any CPU
		{CFA3D6C4-7B09-49D8-9457-1CE8CD2554DF}.Debug|Any CPU.Build.0 = Debug|Any CPU
		{CFA3D6C4-7B09-49D8-9457-1CE8CD2554DF}.Release|Any CPU.ActiveCfg = Release|Any CPU
		{CFA3D6C4-7B09-49D8-9457-1CE8CD2554DF}.Release|Any CPU.Build.0 = Release|Any CPU
	EndGlobalSection
	GlobalSection(SolutionProperties) = preSolution
		HideSolutionNode = FALSE
	EndGlobalSection
	GlobalSection(ExtensibilityGlobals) = postSolution
		SolutionGuid = {2763D867-594C-42E4-8791-BA533FD73439}
	EndGlobalSection
EndGlobal
