
Microsoft Visual Studio Solution File, Format Version 12.00
# Visual Studio Version 17
VisualStudioVersion = 17.14.36301.6 d17.14
MinimumVisualStudioVersion = 10.0.40219.1
Project("{FAE04EC0-301F-11D3-BF4B-00C04F79EFBC}") = "TournamentService", "..\TournamentService.csproj", "{42954410-0C39-02C3-F3F3-76A8A98B4E36}"
EndProject
Global
	GlobalSection(SolutionConfigurationPlatforms) = preSolution
		Debug|Any CPU = Debug|Any CPU
		Release|Any CPU = Release|Any CPU
	EndGlobalSection
	GlobalSection(ProjectConfigurationPlatforms) = postSolution
		{42954410-0C39-02C3-F3F3-76A8A98B4E36}.Debug|Any CPU.ActiveCfg = Debug|Any CPU
		{42954410-0C39-02C3-F3F3-76A8A98B4E36}.Debug|Any CPU.Build.0 = Debug|Any CPU
		{42954410-0C39-02C3-F3F3-76A8A98B4E36}.Release|Any CPU.ActiveCfg = Release|Any CPU
		{42954410-0C39-02C3-F3F3-76A8A98B4E36}.Release|Any CPU.Build.0 = Release|Any CPU
	EndGlobalSection
	GlobalSection(SolutionProperties) = preSolution
		HideSolutionNode = FALSE
	EndGlobalSection
	GlobalSection(ExtensibilityGlobals) = postSolution
		SolutionGuid = {B3299E39-D880-4D92-87A9-B80EE74691C4}
	EndGlobalSection
EndGlobal
